
Microsoft Visual Studio Solution File, Format Version 12.00
# Visual Studio Version 17
VisualStudioVersion = 17.13.35716.79 d17.13
MinimumVisualStudioVersion = 10.0.40219.1
Project("{FAE04EC0-301F-11D3-BF4B-00C04F79EFBC}") = "frontdruconverteur", "frontdruconverteur\frontdruconverteur.csproj", "{247EA024-ED6A-44EB-838B-E58E52D17188}"
EndProject
Global
	GlobalSection(SolutionConfigurationPlatforms) = preSolution
		Debug|Any CPU = Debug|Any CPU
		Release|Any CPU = Release|Any CPU
	EndGlobalSection
	GlobalSection(ProjectConfigurationPlatforms) = postSolution
		{247EA024-ED6A-44EB-838B-E58E52D17188}.Debug|Any CPU.ActiveCfg = Debug|Any CPU
		{247EA024-ED6A-44EB-838B-E58E52D17188}.Debug|Any CPU.Build.0 = Debug|Any CPU
		{247EA024-ED6A-44EB-838B-E58E52D17188}.Release|Any CPU.ActiveCfg = Release|Any CPU
		{247EA024-ED6A-44EB-838B-E58E52D17188}.Release|Any CPU.Build.0 = Release|Any CPU
	EndGlobalSection
	GlobalSection(SolutionProperties) = preSolution
		HideSolutionNode = FALSE
	EndGlobalSection
	GlobalSection(ExtensibilityGlobals) = postSolution
		SolutionGuid = {E6BB4EF1-B496-4CDC-9190-97AAC1F37193}
	EndGlobalSection
EndGlobal
